
Microsoft Visual Studio Solution File, Format Version 12.00
Project("{FAE04EC0-301F-11D3-BF4B-00C04F79EFBC}") = "MyThirdApp", "MyThirdApp\MyThirdApp.csproj", "{B8921714-2D02-4610-8E00-7FA66D0A1ACB}"
EndProject
Global
	GlobalSection(SolutionConfigurationPlatforms) = preSolution
		Debug|Any CPU = Debug|Any CPU
		Release|Any CPU = Release|Any CPU
	EndGlobalSection
	GlobalSection(ProjectConfigurationPlatforms) = postSolution
		{B8921714-2D02-4610-8E00-7FA66D0A1ACB}.Debug|Any CPU.ActiveCfg = Debug|Any CPU
		{B8921714-2D02-4610-8E00-7FA66D0A1ACB}.Debug|Any CPU.Build.0 = Debug|Any CPU
		{B8921714-2D02-4610-8E00-7FA66D0A1ACB}.Release|Any CPU.ActiveCfg = Release|Any CPU
		{B8921714-2D02-4610-8E00-7FA66D0A1ACB}.Release|Any CPU.Build.0 = Release|Any CPU
	EndGlobalSection
EndGlobal
